
Microsoft Visual Studio Solution File, Format Version 12.00
# Visual Studio Version 17
VisualStudioVersion = 17.7.34221.43
MinimumVisualStudioVersion = 10.0.40219.1
Project("{2150E333-8FDC-42A3-9474-1A3956D46DE8}") = "Core", "Core", "{1F86DDEE-41AF-481F-B134-681A7DCEC964}"
EndProject
Project("{2150E333-8FDC-42A3-9474-1A3956D46DE8}") = "Infrastructure", "Infrastructure", "{4B25E9F2-837B-4317-B41A-7B799A4BF398}"
EndProject
Project("{FAE04EC0-301F-11D3-BF4B-00C04F79EFBC}") = "ETicaretAPI.Infrastructure", "Infrastructure\ETicaretApi.Infrastructure\ETicaretAPI.Infrastructure.csproj", "{7FF76413-9000-4421-990A-770E1CABCE37}"
EndProject
Project("{FAE04EC0-301F-11D3-BF4B-00C04F79EFBC}") = "ETicaretAPI.Domain", "Core\ETicaretApi.Domain\ETicaretAPI.Domain.csproj", "{BF76B3F9-632D-4D49-90E4-8164D8ED8FE4}"
EndProject
Project("{FAE04EC0-301F-11D3-BF4B-00C04F79EFBC}") = "ETicaretAPI.Application", "Core\ETicaretAPI.Application\ETicaretAPI.Application.csproj", "{3245AC31-DB38-4211-A58B-0003B79A57EE}"
EndProject
Project("{FAE04EC0-301F-11D3-BF4B-00C04F79EFBC}") = "ETicaretAPI.Persistence", "Infrastructure\ETicaretAPI.Persistence\ETicaretAPI.Persistence.csproj", "{C8663D4C-B956-4A11-9C86-0D85F27F64A6}"
EndProject
Project("{2150E333-8FDC-42A3-9474-1A3956D46DE8}") = "Presentation", "Presentation", "{48F8027A-4E5C-4AC1-BE05-CD8034CEC1AE}"
EndProject
Project("{FAE04EC0-301F-11D3-BF4B-00C04F79EFBC}") = "ETicaretAPI.API", "Presentation\ETicaretAPI.API\ETicaretAPI.API.csproj", "{E25CE3FC-1723-4F70-80EB-F148E2E00348}"
EndProject
Global
	GlobalSection(SolutionConfigurationPlatforms) = preSolution
		Debug|Any CPU = Debug|Any CPU
		Release|Any CPU = Release|Any CPU
	EndGlobalSection
	GlobalSection(ProjectConfigurationPlatforms) = postSolution
		{7FF76413-9000-4421-990A-770E1CABCE37}.Debug|Any CPU.ActiveCfg = Debug|Any CPU
		{7FF76413-9000-4421-990A-770E1CABCE37}.Debug|Any CPU.Build.0 = Debug|Any CPU
		{7FF76413-9000-4421-990A-770E1CABCE37}.Release|Any CPU.ActiveCfg = Release|Any CPU
		{7FF76413-9000-4421-990A-770E1CABCE37}.Release|Any CPU.Build.0 = Release|Any CPU
		{BF76B3F9-632D-4D49-90E4-8164D8ED8FE4}.Debug|Any CPU.ActiveCfg = Debug|Any CPU
		{BF76B3F9-632D-4D49-90E4-8164D8ED8FE4}.Debug|Any CPU.Build.0 = Debug|Any CPU
		{BF76B3F9-632D-4D49-90E4-8164D8ED8FE4}.Release|Any CPU.ActiveCfg = Release|Any CPU
		{BF76B3F9-632D-4D49-90E4-8164D8ED8FE4}.Release|Any CPU.Build.0 = Release|Any CPU
		{3245AC31-DB38-4211-A58B-0003B79A57EE}.Debug|Any CPU.ActiveCfg = Debug|Any CPU
		{3245AC31-DB38-4211-A58B-0003B79A57EE}.Debug|Any CPU.Build.0 = Debug|Any CPU
		{3245AC31-DB38-4211-A58B-0003B79A57EE}.Release|Any CPU.ActiveCfg = Release|Any CPU
		{3245AC31-DB38-4211-A58B-0003B79A57EE}.Release|Any CPU.Build.0 = Release|Any CPU
		{C8663D4C-B956-4A11-9C86-0D85F27F64A6}.Debug|Any CPU.ActiveCfg = Debug|Any CPU
		{C8663D4C-B956-4A11-9C86-0D85F27F64A6}.Debug|Any CPU.Build.0 = Debug|Any CPU
		{C8663D4C-B956-4A11-9C86-0D85F27F64A6}.Release|Any CPU.ActiveCfg = Release|Any CPU
		{C8663D4C-B956-4A11-9C86-0D85F27F64A6}.Release|Any CPU.Build.0 = Release|Any CPU
		{E25CE3FC-1723-4F70-80EB-F148E2E00348}.Debug|Any CPU.ActiveCfg = Debug|Any CPU
		{E25CE3FC-1723-4F70-80EB-F148E2E00348}.Debug|Any CPU.Build.0 = Debug|Any CPU
		{E25CE3FC-1723-4F70-80EB-F148E2E00348}.Release|Any CPU.ActiveCfg = Release|Any CPU
		{E25CE3FC-1723-4F70-80EB-F148E2E00348}.Release|Any CPU.Build.0 = Release|Any CPU
	EndGlobalSection
	GlobalSection(SolutionProperties) = preSolution
		HideSolutionNode = FALSE
	EndGlobalSection
	GlobalSection(NestedProjects) = preSolution
		{7FF76413-9000-4421-990A-770E1CABCE37} = {4B25E9F2-837B-4317-B41A-7B799A4BF398}
		{BF76B3F9-632D-4D49-90E4-8164D8ED8FE4} = {1F86DDEE-41AF-481F-B134-681A7DCEC964}
		{3245AC31-DB38-4211-A58B-0003B79A57EE} = {1F86DDEE-41AF-481F-B134-681A7DCEC964}
		{C8663D4C-B956-4A11-9C86-0D85F27F64A6} = {4B25E9F2-837B-4317-B41A-7B799A4BF398}
		{E25CE3FC-1723-4F70-80EB-F148E2E00348} = {48F8027A-4E5C-4AC1-BE05-CD8034CEC1AE}
	EndGlobalSection
	GlobalSection(ExtensibilityGlobals) = postSolution
		SolutionGuid = {6CC855CC-F0EB-4119-80C6-260329C2E53A}
	EndGlobalSection
EndGlobal
